// !$*UTF8*$!
{
	archiveVersion = 1;
	classes = {
	};
	objectVersion = 46;
	objects = {

/* Begin PBXBuildFile section */
		6A72DFF01BEBA87D0043116E /* EndViewController.swift in Sources */ = {isa = PBXBuildFile; fileRef = 6A72DFEF1BEBA87D0043116E /* EndViewController.swift */; };
		6A7F37641BE9109800812797 /* MCGViewController.swift in Sources */ = {isa = PBXBuildFile; fileRef = 6A7F37631BE9109800812797 /* MCGViewController.swift */; };
		6A8211A41BE7A69A00B05349 /* StartViewController.swift in Sources */ = {isa = PBXBuildFile; fileRef = 6A8211A31BE7A69A00B05349 /* StartViewController.swift */; };
		6A8211A61BE7A6A400B05349 /* HelpViewController.swift in Sources */ = {isa = PBXBuildFile; fileRef = 6A8211A51BE7A6A400B05349 /* HelpViewController.swift */; };
		6A8211A81BE7A6AD00B05349 /* CreditsViewController.swift in Sources */ = {isa = PBXBuildFile; fileRef = 6A8211A71BE7A6AD00B05349 /* CreditsViewController.swift */; };
		6A9A82D11BE26ACE00572417 /* MCFViewController.swift in Sources */ = {isa = PBXBuildFile; fileRef = 6A9A82D01BE26ACE00572417 /* MCFViewController.swift */; };
		6AA250DF1BE83FB500633713 /* PauseViewController.swift in Sources */ = {isa = PBXBuildFile; fileRef = 6AA250DE1BE83FB500633713 /* PauseViewController.swift */; };
		6AAAEE171BE032AE00104386 /* UIFViewController.swift in Sources */ = {isa = PBXBuildFile; fileRef = 6AAAEE161BE032AE00104386 /* UIFViewController.swift */; };
		6AAD16131BEADCE900097C7A /* UIGViewController.swift in Sources */ = {isa = PBXBuildFile; fileRef = 6AAD16121BEADCE900097C7A /* UIGViewController.swift */; };
		6AAD16151BEAE0CC00097C7A /* MCTViewController.swift in Sources */ = {isa = PBXBuildFile; fileRef = 6AAD16141BEAE0CC00097C7A /* MCTViewController.swift */; };
		6AAD16171BEAE11700097C7A /* UIRViewController.swift in Sources */ = {isa = PBXBuildFile; fileRef = 6AAD16161BEAE11700097C7A /* UIRViewController.swift */; };
		6AAD16191BEAE12100097C7A /* UISCViewController.swift in Sources */ = {isa = PBXBuildFile; fileRef = 6AAD16181BEAE12100097C7A /* UISCViewController.swift */; };
		6AEF920D1BDEF25A007F8E5E /* MainViewController.swift in Sources */ = {isa = PBXBuildFile; fileRef = 6AEF920C1BDEF25A007F8E5E /* MainViewController.swift */; };
		6AEF920F1BDEF954007F8E5E /* OptionsCollectionViewCell.swift in Sources */ = {isa = PBXBuildFile; fileRef = 6AEF920E1BDEF954007F8E5E /* OptionsCollectionViewCell.swift */; };
		7705C7531C3C21360086F4FC /* HelpTwoViewController.swift in Sources */ = {isa = PBXBuildFile; fileRef = 7705C7521C3C21360086F4FC /* HelpTwoViewController.swift */; };
		77364D361C15ED330078D164 /* HelpCollectionViewCell.swift in Sources */ = {isa = PBXBuildFile; fileRef = 77364D351C15ED320078D164 /* HelpCollectionViewCell.swift */; };
		7756CD531C3EC8380038359B /* MCFTViewController.swift in Sources */ = {isa = PBXBuildFile; fileRef = 7756CD521C3EC8380038359B /* MCFTViewController.swift */; };
		775DF07E1BECF55C0060FE50 /* Quadratic.swift in Sources */ = {isa = PBXBuildFile; fileRef = 775DF07D1BECF55C0060FE50 /* Quadratic.swift */; };
		775DF0801BECF5DF0060FE50 /* Trigonometry.swift in Sources */ = {isa = PBXBuildFile; fileRef = 775DF07F1BECF5DF0060FE50 /* Trigonometry.swift */; };
		7789D8A51BDA76AA00A0619F /* AppDelegate.swift in Sources */ = {isa = PBXBuildFile; fileRef = 7789D8A41BDA76AA00A0619F /* AppDelegate.swift */; };
		7789D8AA1BDA76AA00A0619F /* Main.storyboard in Resources */ = {isa = PBXBuildFile; fileRef = 7789D8A81BDA76AA00A0619F /* Main.storyboard */; };
		7789D8AF1BDA76AA00A0619F /* LaunchScreen.storyboard in Resources */ = {isa = PBXBuildFile; fileRef = 7789D8AD1BDA76AA00A0619F /* LaunchScreen.storyboard */; };
		7789D8BA1BDA76AA00A0619F /* Factor_Tests.swift in Sources */ = {isa = PBXBuildFile; fileRef = 7789D8B91BDA76AA00A0619F /* Factor_Tests.swift */; };
		7789D8C51BDA76AA00A0619F /* Factor_UITests.swift in Sources */ = {isa = PBXBuildFile; fileRef = 7789D8C41BDA76AA00A0619F /* Factor_UITests.swift */; };
		77A311121C42B95400D8E4C9 /* HelpEntranceViewController.swift in Sources */ = {isa = PBXBuildFile; fileRef = 77A311111C42B95400D8E4C9 /* HelpEntranceViewController.swift */; };
		77AE785C1BF23A910039B595 /* MultipleC.swift in Sources */ = {isa = PBXBuildFile; fileRef = 77AE785B1BF23A910039B595 /* MultipleC.swift */; };
		77D0AD011BF4D11900270676 /* Charts.framework in Frameworks */ = {isa = PBXBuildFile; fileRef = 77D0ACFC1BF4D10300270676 /* Charts.framework */; };
		77D0AD021BF4D11900270676 /* Charts.framework in Embed Frameworks */ = {isa = PBXBuildFile; fileRef = 77D0ACFC1BF4D10300270676 /* Charts.framework */; settings = {ATTRIBUTES = (CodeSignOnCopy, RemoveHeadersOnCopy, ); }; };
		77D356BE1C1646BF006251A8 /* GraphingPoints.swift in Sources */ = {isa = PBXBuildFile; fileRef = 77D356BB1C1646BF006251A8 /* GraphingPoints.swift */; };
		77D356BF1C1646BF006251A8 /* MultipleCGraph.swift in Sources */ = {isa = PBXBuildFile; fileRef = 77D356BC1C1646BF006251A8 /* MultipleCGraph.swift */; };
		77D356C01C1646BF006251A8 /* mutipleCGraphComp.swift in Sources */ = {isa = PBXBuildFile; fileRef = 77D356BD1C1646BF006251A8 /* mutipleCGraphComp.swift */; };
		77E990FC1BFF601B00358A8B /* Assets.xcassets in Resources */ = {isa = PBXBuildFile; fileRef = 77E990FB1BFF601B00358A8B /* Assets.xcassets */; };
/* End PBXBuildFile section */

/* Begin PBXContainerItemProxy section */
		7789D8B61BDA76AA00A0619F /* PBXContainerItemProxy */ = {
			isa = PBXContainerItemProxy;
			containerPortal = 7789D8991BDA76AA00A0619F /* Project object */;
			proxyType = 1;
			remoteGlobalIDString = 7789D8A01BDA76AA00A0619F;
			remoteInfo = "Factor+";
		};
		7789D8C11BDA76AA00A0619F /* PBXContainerItemProxy */ = {
			isa = PBXContainerItemProxy;
			containerPortal = 7789D8991BDA76AA00A0619F /* Project object */;
			proxyType = 1;
			remoteGlobalIDString = 7789D8A01BDA76AA00A0619F;
			remoteInfo = "Factor+";
		};
		77D0ACFB1BF4D10300270676 /* PBXContainerItemProxy */ = {
			isa = PBXContainerItemProxy;
			containerPortal = 77D0ACF51BF4D10300270676 /* Charts.xcodeproj */;
			proxyType = 2;
			remoteGlobalIDString = 5BA8EC401A9D14DC00CE82E1;
			remoteInfo = "Charts-iOS";
		};
		77D0ACFD1BF4D10300270676 /* PBXContainerItemProxy */ = {
			isa = PBXContainerItemProxy;
			containerPortal = 77D0ACF51BF4D10300270676 /* Charts.xcodeproj */;
			proxyType = 2;
			remoteGlobalIDString = A52C5C371BAC5CA400594CDD;
			remoteInfo = "Charts-TV";
		};
		77D0ACFF1BF4D10300270676 /* PBXContainerItemProxy */ = {
			isa = PBXContainerItemProxy;
			containerPortal = 77D0ACF51BF4D10300270676 /* Charts.xcodeproj */;
			proxyType = 2;
			remoteGlobalIDString = 06AEE7A21BDC3F8B009875AE;
			remoteInfo = ChartsTests;
		};
		77D0AD031BF4D11900270676 /* PBXContainerItemProxy */ = {
			isa = PBXContainerItemProxy;
			containerPortal = 77D0ACF51BF4D10300270676 /* Charts.xcodeproj */;
			proxyType = 1;
			remoteGlobalIDString = 5BA8EC3F1A9D14DC00CE82E1;
			remoteInfo = "Charts-iOS";
		};
/* End PBXContainerItemProxy section */

/* Begin PBXCopyFilesBuildPhase section */
		77CBF5791BF38F1300FC25A1 /* Embed Frameworks */ = {
			isa = PBXCopyFilesBuildPhase;
			buildActionMask = 2147483647;
			dstPath = "";
			dstSubfolderSpec = 10;
			files = (
				77D0AD021BF4D11900270676 /* Charts.framework in Embed Frameworks */,
			);
			name = "Embed Frameworks";
			runOnlyForDeploymentPostprocessing = 0;
		};
/* End PBXCopyFilesBuildPhase section */

/* Begin PBXFileReference section */
		6A72DFEF1BEBA87D0043116E /* EndViewController.swift */ = {isa = PBXFileReference; fileEncoding = 4; lastKnownFileType = sourcecode.swift; path = EndViewController.swift; sourceTree = "<group>"; };
		6A7F37631BE9109800812797 /* MCGViewController.swift */ = {isa = PBXFileReference; fileEncoding = 4; lastKnownFileType = sourcecode.swift; path = MCGViewController.swift; sourceTree = "<group>"; };
		6A8211A31BE7A69A00B05349 /* StartViewController.swift */ = {isa = PBXFileReference; fileEncoding = 4; lastKnownFileType = sourcecode.swift; path = StartViewController.swift; sourceTree = "<group>"; };
		6A8211A51BE7A6A400B05349 /* HelpViewController.swift */ = {isa = PBXFileReference; fileEncoding = 4; lastKnownFileType = sourcecode.swift; path = HelpViewController.swift; sourceTree = "<group>"; };
		6A8211A71BE7A6AD00B05349 /* CreditsViewController.swift */ = {isa = PBXFileReference; fileEncoding = 4; lastKnownFileType = sourcecode.swift; path = CreditsViewController.swift; sourceTree = "<group>"; };
		6A9A82D01BE26ACE00572417 /* MCFViewController.swift */ = {isa = PBXFileReference; fileEncoding = 4; lastKnownFileType = sourcecode.swift; path = MCFViewController.swift; sourceTree = "<group>"; };
		6AA250DE1BE83FB500633713 /* PauseViewController.swift */ = {isa = PBXFileReference; fileEncoding = 4; lastKnownFileType = sourcecode.swift; path = PauseViewController.swift; sourceTree = "<group>"; };
		6AAAEE161BE032AE00104386 /* UIFViewController.swift */ = {isa = PBXFileReference; fileEncoding = 4; lastKnownFileType = sourcecode.swift; path = UIFViewController.swift; sourceTree = "<group>"; };
		6AAD16121BEADCE900097C7A /* UIGViewController.swift */ = {isa = PBXFileReference; fileEncoding = 4; lastKnownFileType = sourcecode.swift; path = UIGViewController.swift; sourceTree = "<group>"; };
		6AAD16141BEAE0CC00097C7A /* MCTViewController.swift */ = {isa = PBXFileReference; fileEncoding = 4; lastKnownFileType = sourcecode.swift; path = MCTViewController.swift; sourceTree = "<group>"; };
		6AAD16161BEAE11700097C7A /* UIRViewController.swift */ = {isa = PBXFileReference; fileEncoding = 4; lastKnownFileType = sourcecode.swift; path = UIRViewController.swift; sourceTree = "<group>"; };
		6AAD16181BEAE12100097C7A /* UISCViewController.swift */ = {isa = PBXFileReference; fileEncoding = 4; lastKnownFileType = sourcecode.swift; path = UISCViewController.swift; sourceTree = "<group>"; };
		6AEF920C1BDEF25A007F8E5E /* MainViewController.swift */ = {isa = PBXFileReference; fileEncoding = 4; lastKnownFileType = sourcecode.swift; path = MainViewController.swift; sourceTree = "<group>"; };
		6AEF920E1BDEF954007F8E5E /* OptionsCollectionViewCell.swift */ = {isa = PBXFileReference; fileEncoding = 4; lastKnownFileType = sourcecode.swift; path = OptionsCollectionViewCell.swift; sourceTree = "<group>"; };
		7705C7521C3C21360086F4FC /* HelpTwoViewController.swift */ = {isa = PBXFileReference; fileEncoding = 4; lastKnownFileType = sourcecode.swift; path = HelpTwoViewController.swift; sourceTree = "<group>"; };
		77364D351C15ED320078D164 /* HelpCollectionViewCell.swift */ = {isa = PBXFileReference; fileEncoding = 4; lastKnownFileType = sourcecode.swift; path = HelpCollectionViewCell.swift; sourceTree = "<group>"; };
		7756CD521C3EC8380038359B /* MCFTViewController.swift */ = {isa = PBXFileReference; fileEncoding = 4; lastKnownFileType = sourcecode.swift; path = MCFTViewController.swift; sourceTree = "<group>"; };
		775DF07D1BECF55C0060FE50 /* Quadratic.swift */ = {isa = PBXFileReference; fileEncoding = 4; lastKnownFileType = sourcecode.swift; path = Quadratic.swift; sourceTree = "<group>"; };
		775DF07F1BECF5DF0060FE50 /* Trigonometry.swift */ = {isa = PBXFileReference; fileEncoding = 4; lastKnownFileType = sourcecode.swift; path = Trigonometry.swift; sourceTree = "<group>"; };
		7789D8A11BDA76AA00A0619F /* Factor+.app */ = {isa = PBXFileReference; explicitFileType = wrapper.application; includeInIndex = 0; path = "Factor+.app"; sourceTree = BUILT_PRODUCTS_DIR; };
		7789D8A41BDA76AA00A0619F /* AppDelegate.swift */ = {isa = PBXFileReference; lastKnownFileType = sourcecode.swift; path = AppDelegate.swift; sourceTree = "<group>"; };
		7789D8A91BDA76AA00A0619F /* Base */ = {isa = PBXFileReference; lastKnownFileType = file.storyboard; name = Base; path = Base.lproj/Main.storyboard; sourceTree = "<group>"; };
		7789D8AE1BDA76AA00A0619F /* Base */ = {isa = PBXFileReference; lastKnownFileType = file.storyboard; name = Base; path = Base.lproj/LaunchScreen.storyboard; sourceTree = "<group>"; };
		7789D8B01BDA76AA00A0619F /* Info.plist */ = {isa = PBXFileReference; lastKnownFileType = text.plist.xml; path = Info.plist; sourceTree = "<group>"; };
		7789D8B51BDA76AA00A0619F /* Factor+Tests.xctest */ = {isa = PBXFileReference; explicitFileType = wrapper.cfbundle; includeInIndex = 0; path = "Factor+Tests.xctest"; sourceTree = BUILT_PRODUCTS_DIR; };
		7789D8B91BDA76AA00A0619F /* Factor_Tests.swift */ = {isa = PBXFileReference; lastKnownFileType = sourcecode.swift; path = Factor_Tests.swift; sourceTree = "<group>"; };
		7789D8BB1BDA76AA00A0619F /* Info.plist */ = {isa = PBXFileReference; lastKnownFileType = text.plist.xml; path = Info.plist; sourceTree = "<group>"; };
		7789D8C01BDA76AA00A0619F /* Factor+UITests.xctest */ = {isa = PBXFileReference; explicitFileType = wrapper.cfbundle; includeInIndex = 0; path = "Factor+UITests.xctest"; sourceTree = BUILT_PRODUCTS_DIR; };
		7789D8C41BDA76AA00A0619F /* Factor_UITests.swift */ = {isa = PBXFileReference; lastKnownFileType = sourcecode.swift; path = Factor_UITests.swift; sourceTree = "<group>"; };
		7789D8C61BDA76AA00A0619F /* Info.plist */ = {isa = PBXFileReference; lastKnownFileType = text.plist.xml; path = Info.plist; sourceTree = "<group>"; };
		77A311111C42B95400D8E4C9 /* HelpEntranceViewController.swift */ = {isa = PBXFileReference; fileEncoding = 4; lastKnownFileType = sourcecode.swift; path = HelpEntranceViewController.swift; sourceTree = "<group>"; };
		77AE785B1BF23A910039B595 /* MultipleC.swift */ = {isa = PBXFileReference; fileEncoding = 4; lastKnownFileType = sourcecode.swift; path = MultipleC.swift; sourceTree = "<group>"; };
		77D0ACF51BF4D10300270676 /* Charts.xcodeproj */ = {isa = PBXFileReference; lastKnownFileType = "wrapper.pb-project"; name = Charts.xcodeproj; path = "../../Downloads/ios-charts-master/Charts/Charts.xcodeproj"; sourceTree = "<group>"; };
		77D356BB1C1646BF006251A8 /* GraphingPoints.swift */ = {isa = PBXFileReference; fileEncoding = 4; lastKnownFileType = sourcecode.swift; path = GraphingPoints.swift; sourceTree = "<group>"; };
		77D356BC1C1646BF006251A8 /* MultipleCGraph.swift */ = {isa = PBXFileReference; fileEncoding = 4; lastKnownFileType = sourcecode.swift; path = MultipleCGraph.swift; sourceTree = "<group>"; };
		77D356BD1C1646BF006251A8 /* mutipleCGraphComp.swift */ = {isa = PBXFileReference; fileEncoding = 4; lastKnownFileType = sourcecode.swift; path = mutipleCGraphComp.swift; sourceTree = "<group>"; };
		77E990FB1BFF601B00358A8B /* Assets.xcassets */ = {isa = PBXFileReference; lastKnownFileType = folder.assetcatalog; path = Assets.xcassets; sourceTree = "<group>"; };
/* End PBXFileReference section */

/* Begin PBXFrameworksBuildPhase section */
		7789D89E1BDA76AA00A0619F /* Frameworks */ = {
			isa = PBXFrameworksBuildPhase;
			buildActionMask = 2147483647;
			files = (
				77D0AD011BF4D11900270676 /* Charts.framework in Frameworks */,
			);
			runOnlyForDeploymentPostprocessing = 0;
		};
		7789D8B21BDA76AA00A0619F /* Frameworks */ = {
			isa = PBXFrameworksBuildPhase;
			buildActionMask = 2147483647;
			files = (
			);
			runOnlyForDeploymentPostprocessing = 0;
		};
		7789D8BD1BDA76AA00A0619F /* Frameworks */ = {
			isa = PBXFrameworksBuildPhase;
			buildActionMask = 2147483647;
			files = (
			);
			runOnlyForDeploymentPostprocessing = 0;
		};
/* End PBXFrameworksBuildPhase section */

/* Begin PBXGroup section */
		6A7F37651BE910A200812797 /* Multiple Choice View Controllers */ = {
			isa = PBXGroup;
			children = (
				6A9A82D01BE26ACE00572417 /* MCFViewController.swift */,
				7756CD521C3EC8380038359B /* MCFTViewController.swift */,
				6A7F37631BE9109800812797 /* MCGViewController.swift */,
				6AAD16141BEAE0CC00097C7A /* MCTViewController.swift */,
			);
			name = "Multiple Choice View Controllers";
			sourceTree = "<group>";
		};
		6A9A82CF1BE2698100572417 /* OptionsCollectionCell */ = {
			isa = PBXGroup;
			children = (
				6AEF920E1BDEF954007F8E5E /* OptionsCollectionViewCell.swift */,
				77364D351C15ED320078D164 /* HelpCollectionViewCell.swift */,
			);
			name = OptionsCollectionCell;
			sourceTree = "<group>";
		};
		6AAD16111BEADC8E00097C7A /* User Input View Controllers */ = {
			isa = PBXGroup;
			children = (
				6AAAEE161BE032AE00104386 /* UIFViewController.swift */,
				6AAD16121BEADCE900097C7A /* UIGViewController.swift */,
				6AAD16161BEAE11700097C7A /* UIRViewController.swift */,
				6AAD16181BEAE12100097C7A /* UISCViewController.swift */,
			);
			name = "User Input View Controllers";
			sourceTree = "<group>";
		};
		7789D8981BDA76AA00A0619F = {
			isa = PBXGroup;
			children = (
				77D0ACF51BF4D10300270676 /* Charts.xcodeproj */,
				7789D8A31BDA76AA00A0619F /* Factor+ */,
				7789D8B81BDA76AA00A0619F /* Factor+Tests */,
				7789D8C31BDA76AA00A0619F /* Factor+UITests */,
				7789D8A21BDA76AA00A0619F /* Products */,
			);
			sourceTree = "<group>";
		};
		7789D8A21BDA76AA00A0619F /* Products */ = {
			isa = PBXGroup;
			children = (
				7789D8A11BDA76AA00A0619F /* Factor+.app */,
				7789D8B51BDA76AA00A0619F /* Factor+Tests.xctest */,
				7789D8C01BDA76AA00A0619F /* Factor+UITests.xctest */,
			);
			name = Products;
			sourceTree = "<group>";
		};
		7789D8A31BDA76AA00A0619F /* Factor+ */ = {
			isa = PBXGroup;
			children = (
				77AE785B1BF23A910039B595 /* MultipleC.swift */,
				775DF07D1BECF55C0060FE50 /* Quadratic.swift */,
				775DF07F1BECF5DF0060FE50 /* Trigonometry.swift */,
				7789D8A41BDA76AA00A0619F /* AppDelegate.swift */,
				77D356BB1C1646BF006251A8 /* GraphingPoints.swift */,
				77D356BC1C1646BF006251A8 /* MultipleCGraph.swift */,
				77D356BD1C1646BF006251A8 /* mutipleCGraphComp.swift */,
				6A9A82CF1BE2698100572417 /* OptionsCollectionCell */,
				6AEF920C1BDEF25A007F8E5E /* MainViewController.swift */,
				6AA250DE1BE83FB500633713 /* PauseViewController.swift */,
				6A72DFEF1BEBA87D0043116E /* EndViewController.swift */,
				6A7F37651BE910A200812797 /* Multiple Choice View Controllers */,
				77A311111C42B95400D8E4C9 /* HelpEntranceViewController.swift */,
				6A8211A51BE7A6A400B05349 /* HelpViewController.swift */,
				7705C7521C3C21360086F4FC /* HelpTwoViewController.swift */,
				6A8211A71BE7A6AD00B05349 /* CreditsViewController.swift */,
				6AAD16111BEADC8E00097C7A /* User Input View Controllers */,
				6A8211A31BE7A69A00B05349 /* StartViewController.swift */,
				7789D8A81BDA76AA00A0619F /* Main.storyboard */,
				7789D8AD1BDA76AA00A0619F /* LaunchScreen.storyboard */,
				77E990FB1BFF601B00358A8B /* Assets.xcassets */,
				7789D8B01BDA76AA00A0619F /* Info.plist */,
			);
			path = "Factor+";
			sourceTree = "<group>";
		};
		7789D8B81BDA76AA00A0619F /* Factor+Tests */ = {
			isa = PBXGroup;
			children = (
				7789D8B91BDA76AA00A0619F /* Factor_Tests.swift */,
				7789D8BB1BDA76AA00A0619F /* Info.plist */,
			);
			path = "Factor+Tests";
			sourceTree = "<group>";
		};
		7789D8C31BDA76AA00A0619F /* Factor+UITests */ = {
			isa = PBXGroup;
			children = (
				7789D8C41BDA76AA00A0619F /* Factor_UITests.swift */,
				7789D8C61BDA76AA00A0619F /* Info.plist */,
			);
			path = "Factor+UITests";
			sourceTree = "<group>";
		};
		77D0ACF61BF4D10300270676 /* Products */ = {
			isa = PBXGroup;
			children = (
				77D0ACFC1BF4D10300270676 /* Charts.framework */,
				77D0ACFE1BF4D10300270676 /* Charts.framework */,
				77D0AD001BF4D10300270676 /* ChartsTests.xctest */,
			);
			name = Products;
			sourceTree = "<group>";
		};
/* End PBXGroup section */

/* Begin PBXNativeTarget section */
		7789D8A01BDA76AA00A0619F /* Factor+ */ = {
			isa = PBXNativeTarget;
			buildConfigurationList = 7789D8C91BDA76AA00A0619F /* Build configuration list for PBXNativeTarget "Factor+" */;
			buildPhases = (
				7789D89D1BDA76AA00A0619F /* Sources */,
				7789D89E1BDA76AA00A0619F /* Frameworks */,
				7789D89F1BDA76AA00A0619F /* Resources */,
				77CBF5791BF38F1300FC25A1 /* Embed Frameworks */,
			);
			buildRules = (
			);
			dependencies = (
				77D0AD041BF4D11900270676 /* PBXTargetDependency */,
			);
			name = "Factor+";
			productName = "Factor+";
			productReference = 7789D8A11BDA76AA00A0619F /* Factor+.app */;
			productType = "com.apple.product-type.application";
		};
		7789D8B41BDA76AA00A0619F /* Factor+Tests */ = {
			isa = PBXNativeTarget;
			buildConfigurationList = 7789D8CC1BDA76AA00A0619F /* Build configuration list for PBXNativeTarget "Factor+Tests" */;
			buildPhases = (
				7789D8B11BDA76AA00A0619F /* Sources */,
				7789D8B21BDA76AA00A0619F /* Frameworks */,
				7789D8B31BDA76AA00A0619F /* Resources */,
			);
			buildRules = (
			);
			dependencies = (
				7789D8B71BDA76AA00A0619F /* PBXTargetDependency */,
			);
			name = "Factor+Tests";
			productName = "Factor+Tests";
			productReference = 7789D8B51BDA76AA00A0619F /* Factor+Tests.xctest */;
			productType = "com.apple.product-type.bundle.unit-test";
		};
		7789D8BF1BDA76AA00A0619F /* Factor+UITests */ = {
			isa = PBXNativeTarget;
			buildConfigurationList = 7789D8CF1BDA76AA00A0619F /* Build configuration list for PBXNativeTarget "Factor+UITests" */;
			buildPhases = (
				7789D8BC1BDA76AA00A0619F /* Sources */,
				7789D8BD1BDA76AA00A0619F /* Frameworks */,
				7789D8BE1BDA76AA00A0619F /* Resources */,
			);
			buildRules = (
			);
			dependencies = (
				7789D8C21BDA76AA00A0619F /* PBXTargetDependency */,
			);
			name = "Factor+UITests";
			productName = "Factor+UITests";
			productReference = 7789D8C01BDA76AA00A0619F /* Factor+UITests.xctest */;
			productType = "com.apple.product-type.bundle.ui-testing";
		};
/* End PBXNativeTarget section */

/* Begin PBXProject section */
		7789D8991BDA76AA00A0619F /* Project object */ = {
			isa = PBXProject;
			attributes = {
				LastUpgradeCheck = 0700;
				ORGANIZATIONNAME = LYM;
				TargetAttributes = {
					7789D8A01BDA76AA00A0619F = {
						CreatedOnToolsVersion = 7.0.1;
						DevelopmentTeam = XN8GQ9M279;
					};
					7789D8B41BDA76AA00A0619F = {
						CreatedOnToolsVersion = 7.0.1;
						DevelopmentTeam = XN8GQ9M279;
						TestTargetID = 7789D8A01BDA76AA00A0619F;
					};
					7789D8BF1BDA76AA00A0619F = {
						CreatedOnToolsVersion = 7.0.1;
						DevelopmentTeam = XN8GQ9M279;
						TestTargetID = 7789D8A01BDA76AA00A0619F;
					};
				};
			};
			buildConfigurationList = 7789D89C1BDA76AA00A0619F /* Build configuration list for PBXProject "Factor+" */;
			compatibilityVersion = "Xcode 3.2";
			developmentRegion = English;
			hasScannedForEncodings = 0;
			knownRegions = (
				en,
				Base,
			);
			mainGroup = 7789D8981BDA76AA00A0619F;
			productRefGroup = 7789D8A21BDA76AA00A0619F /* Products */;
			projectDirPath = "";
			projectReferences = (
				{
					ProductGroup = 77D0ACF61BF4D10300270676 /* Products */;
					ProjectRef = 77D0ACF51BF4D10300270676 /* Charts.xcodeproj */;
				},
			);
			projectRoot = "";
			targets = (
				7789D8A01BDA76AA00A0619F /* Factor+ */,
				7789D8B41BDA76AA00A0619F /* Factor+Tests */,
				7789D8BF1BDA76AA00A0619F /* Factor+UITests */,
			);
		};
/* End PBXProject section */

/* Begin PBXReferenceProxy section */
		77D0ACFC1BF4D10300270676 /* Charts.framework */ = {
			isa = PBXReferenceProxy;
			fileType = wrapper.framework;
			path = Charts.framework;
			remoteRef = 77D0ACFB1BF4D10300270676 /* PBXContainerItemProxy */;
			sourceTree = BUILT_PRODUCTS_DIR;
		};
		77D0ACFE1BF4D10300270676 /* Charts.framework */ = {
			isa = PBXReferenceProxy;
			fileType = wrapper.framework;
			path = Charts.framework;
			remoteRef = 77D0ACFD1BF4D10300270676 /* PBXContainerItemProxy */;
			sourceTree = BUILT_PRODUCTS_DIR;
		};
		77D0AD001BF4D10300270676 /* ChartsTests.xctest */ = {
			isa = PBXReferenceProxy;
			fileType = wrapper.cfbundle;
			path = ChartsTests.xctest;
			remoteRef = 77D0ACFF1BF4D10300270676 /* PBXContainerItemProxy */;
			sourceTree = BUILT_PRODUCTS_DIR;
		};
/* End PBXReferenceProxy section */

/* Begin PBXResourcesBuildPhase section */
		7789D89F1BDA76AA00A0619F /* Resources */ = {
			isa = PBXResourcesBuildPhase;
			buildActionMask = 2147483647;
			files = (
				7789D8AF1BDA76AA00A0619F /* LaunchScreen.storyboard in Resources */,
				77E990FC1BFF601B00358A8B /* Assets.xcassets in Resources */,
				7789D8AA1BDA76AA00A0619F /* Main.storyboard in Resources */,
			);
			runOnlyForDeploymentPostprocessing = 0;
		};
		7789D8B31BDA76AA00A0619F /* Resources */ = {
			isa = PBXResourcesBuildPhase;
			buildActionMask = 2147483647;
			files = (
			);
			runOnlyForDeploymentPostprocessing = 0;
		};
		7789D8BE1BDA76AA00A0619F /* Resources */ = {
			isa = PBXResourcesBuildPhase;
			buildActionMask = 2147483647;
			files = (
			);
			runOnlyForDeploymentPostprocessing = 0;
		};
/* End PBXResourcesBuildPhase section */

/* Begin PBXSourcesBuildPhase section */
		7789D89D1BDA76AA00A0619F /* Sources */ = {
			isa = PBXSourcesBuildPhase;
			buildActionMask = 2147483647;
			files = (
				77D356BE1C1646BF006251A8 /* GraphingPoints.swift in Sources */,
				6AA250DF1BE83FB500633713 /* PauseViewController.swift in Sources */,
				6A8211A41BE7A69A00B05349 /* StartViewController.swift in Sources */,
				6AEF920F1BDEF954007F8E5E /* OptionsCollectionViewCell.swift in Sources */,
				77AE785C1BF23A910039B595 /* MultipleC.swift in Sources */,
				7789D8A51BDA76AA00A0619F /* AppDelegate.swift in Sources */,
				77D356C01C1646BF006251A8 /* mutipleCGraphComp.swift in Sources */,
				7756CD531C3EC8380038359B /* MCFTViewController.swift in Sources */,
				6A8211A61BE7A6A400B05349 /* HelpViewController.swift in Sources */,
				77A311121C42B95400D8E4C9 /* HelpEntranceViewController.swift in Sources */,
				77364D361C15ED330078D164 /* HelpCollectionViewCell.swift in Sources */,
				6AAAEE171BE032AE00104386 /* UIFViewController.swift in Sources */,
				7705C7531C3C21360086F4FC /* HelpTwoViewController.swift in Sources */,
				6A72DFF01BEBA87D0043116E /* EndViewController.swift in Sources */,
				6AAD16171BEAE11700097C7A /* UIRViewController.swift in Sources */,
				775DF0801BECF5DF0060FE50 /* Trigonometry.swift in Sources */,
				775DF07E1BECF55C0060FE50 /* Quadratic.swift in Sources */,
				6AEF920D1BDEF25A007F8E5E /* MainViewController.swift in Sources */,
				6AAD16131BEADCE900097C7A /* UIGViewController.swift in Sources */,
				6A9A82D11BE26ACE00572417 /* MCFViewController.swift in Sources */,
				6AAD16191BEAE12100097C7A /* UISCViewController.swift in Sources */,
				6AAD16151BEAE0CC00097C7A /* MCTViewController.swift in Sources */,
				6A7F37641BE9109800812797 /* MCGViewController.swift in Sources */,
				6A8211A81BE7A6AD00B05349 /* CreditsViewController.swift in Sources */,
				77D356BF1C1646BF006251A8 /* MultipleCGraph.swift in Sources */,
			);
			runOnlyForDeploymentPostprocessing = 0;
		};
		7789D8B11BDA76AA00A0619F /* Sources */ = {
			isa = PBXSourcesBuildPhase;
			buildActionMask = 2147483647;
			files = (
				7789D8BA1BDA76AA00A0619F /* Factor_Tests.swift in Sources */,
			);
			runOnlyForDeploymentPostprocessing = 0;
		};
		7789D8BC1BDA76AA00A0619F /* Sources */ = {
			isa = PBXSourcesBuildPhase;
			buildActionMask = 2147483647;
			files = (
				7789D8C51BDA76AA00A0619F /* Factor_UITests.swift in Sources */,
			);
			runOnlyForDeploymentPostprocessing = 0;
		};
/* End PBXSourcesBuildPhase section */

/* Begin PBXTargetDependency section */
		7789D8B71BDA76AA00A0619F /* PBXTargetDependency */ = {
			isa = PBXTargetDependency;
			target = 7789D8A01BDA76AA00A0619F /* Factor+ */;
			targetProxy = 7789D8B61BDA76AA00A0619F /* PBXContainerItemProxy */;
		};
		7789D8C21BDA76AA00A0619F /* PBXTargetDependency */ = {
			isa = PBXTargetDependency;
			target = 7789D8A01BDA76AA00A0619F /* Factor+ */;
			targetProxy = 7789D8C11BDA76AA00A0619F /* PBXContainerItemProxy */;
		};
		77D0AD041BF4D11900270676 /* PBXTargetDependency */ = {
			isa = PBXTargetDependency;
			name = "Charts-iOS";
			targetProxy = 77D0AD031BF4D11900270676 /* PBXContainerItemProxy */;
		};
/* End PBXTargetDependency section */

/* Begin PBXVariantGroup section */
		7789D8A81BDA76AA00A0619F /* Main.storyboard */ = {
			isa = PBXVariantGroup;
			children = (
				7789D8A91BDA76AA00A0619F /* Base */,
			);
			name = Main.storyboard;
			sourceTree = "<group>";
		};
		7789D8AD1BDA76AA00A0619F /* LaunchScreen.storyboard */ = {
			isa = PBXVariantGroup;
			children = (
				7789D8AE1BDA76AA00A0619F /* Base */,
			);
			name = LaunchScreen.storyboard;
			sourceTree = "<group>";
		};
/* End PBXVariantGroup section */

/* Begin XCBuildConfiguration section */
		7789D8C71BDA76AA00A0619F /* Debug */ = {
			isa = XCBuildConfiguration;
			buildSettings = {
				ALWAYS_SEARCH_USER_PATHS = NO;
				CLANG_CXX_LANGUAGE_STANDARD = "gnu++0x";
				CLANG_CXX_LIBRARY = "libc++";
				CLANG_ENABLE_MODULES = YES;
				CLANG_ENABLE_OBJC_ARC = YES;
				CLANG_WARN_BOOL_CONVERSION = YES;
				CLANG_WARN_CONSTANT_CONVERSION = YES;
				CLANG_WARN_DIRECT_OBJC_ISA_USAGE = YES_ERROR;
				CLANG_WARN_EMPTY_BODY = YES;
				CLANG_WARN_ENUM_CONVERSION = YES;
				CLANG_WARN_INT_CONVERSION = YES;
				CLANG_WARN_OBJC_ROOT_CLASS = YES_ERROR;
				CLANG_WARN_UNREACHABLE_CODE = YES;
				CLANG_WARN__DUPLICATE_METHOD_MATCH = YES;
				"CODE_SIGN_IDENTITY[sdk=iphoneos*]" = "iPhone Developer";
				COPY_PHASE_STRIP = NO;
				DEBUG_INFORMATION_FORMAT = dwarf;
				ENABLE_STRICT_OBJC_MSGSEND = YES;
				ENABLE_TESTABILITY = YES;
				GCC_C_LANGUAGE_STANDARD = gnu99;
				GCC_DYNAMIC_NO_PIC = NO;
				GCC_NO_COMMON_BLOCKS = YES;
				GCC_OPTIMIZATION_LEVEL = 0;
				GCC_PREPROCESSOR_DEFINITIONS = (
					"DEBUG=1",
					"$(inherited)",
				);
				GCC_WARN_64_TO_32_BIT_CONVERSION = YES;
				GCC_WARN_ABOUT_RETURN_TYPE = YES_ERROR;
				GCC_WARN_UNDECLARED_SELECTOR = YES;
				GCC_WARN_UNINITIALIZED_AUTOS = YES_AGGRESSIVE;
				GCC_WARN_UNUSED_FUNCTION = YES;
				GCC_WARN_UNUSED_VARIABLE = YES;
				IPHONEOS_DEPLOYMENT_TARGET = 9.0;
				MTL_ENABLE_DEBUG_INFO = YES;
				ONLY_ACTIVE_ARCH = YES;
				SDKROOT = iphoneos;
				SWIFT_OPTIMIZATION_LEVEL = "-Onone";
			};
			name = Debug;
		};
		7789D8C81BDA76AA00A0619F /* Release */ = {
			isa = XCBuildConfiguration;
			buildSettings = {
				ALWAYS_SEARCH_USER_PATHS = NO;
				CLANG_CXX_LANGUAGE_STANDARD = "gnu++0x";
				CLANG_CXX_LIBRARY = "libc++";
				CLANG_ENABLE_MODULES = YES;
				CLANG_ENABLE_OBJC_ARC = YES;
				CLANG_WARN_BOOL_CONVERSION = YES;
				CLANG_WARN_CONSTANT_CONVERSION = YES;
				CLANG_WARN_DIRECT_OBJC_ISA_USAGE = YES_ERROR;
				CLANG_WARN_EMPTY_BODY = YES;
				CLANG_WARN_ENUM_CONVERSION = YES;
				CLANG_WARN_INT_CONVERSION = YES;
				CLANG_WARN_OBJC_ROOT_CLASS = YES_ERROR;
				CLANG_WARN_UNREACHABLE_CODE = YES;
				CLANG_WARN__DUPLICATE_METHOD_MATCH = YES;
				"CODE_SIGN_IDENTITY[sdk=iphoneos*]" = "iPhone Developer";
				COPY_PHASE_STRIP = NO;
				DEBUG_INFORMATION_FORMAT = "dwarf-with-dsym";
				ENABLE_NS_ASSERTIONS = NO;
				ENABLE_STRICT_OBJC_MSGSEND = YES;
				GCC_C_LANGUAGE_STANDARD = gnu99;
				GCC_NO_COMMON_BLOCKS = YES;
				GCC_WARN_64_TO_32_BIT_CONVERSION = YES;
				GCC_WARN_ABOUT_RETURN_TYPE = YES_ERROR;
				GCC_WARN_UNDECLARED_SELECTOR = YES;
				GCC_WARN_UNINITIALIZED_AUTOS = YES_AGGRESSIVE;
				GCC_WARN_UNUSED_FUNCTION = YES;
				GCC_WARN_UNUSED_VARIABLE = YES;
				IPHONEOS_DEPLOYMENT_TARGET = 9.0;
				MTL_ENABLE_DEBUG_INFO = NO;
				SDKROOT = iphoneos;
				VALIDATE_PRODUCT = YES;
			};
			name = Release;
		};
		7789D8CA1BDA76AA00A0619F /* Debug */ = {
			isa = XCBuildConfiguration;
			buildSettings = {
				ASSETCATALOG_COMPILER_APPICON_NAME = AppIcon;
				EMBEDDED_CONTENT_CONTAINS_SWIFT = YES;
				ENABLE_BITCODE = YES;
				INFOPLIST_FILE = "Factor+/Info.plist";
				IPHONEOS_DEPLOYMENT_TARGET = 9.2;
				LD_RUNPATH_SEARCH_PATHS = "$(inherited) @executable_path/Frameworks";
				PRODUCT_BUNDLE_IDENTIFIER = "LYM.Factor-";
				PRODUCT_NAME = "$(TARGET_NAME)";
			};
			name = Debug;
		};
		7789D8CB1BDA76AA00A0619F /* Release */ = {
			isa = XCBuildConfiguration;
			buildSettings = {
				ASSETCATALOG_COMPILER_APPICON_NAME = AppIcon;
				EMBEDDED_CONTENT_CONTAINS_SWIFT = YES;
				ENABLE_BITCODE = YES;
				INFOPLIST_FILE = "Factor+/Info.plist";
				IPHONEOS_DEPLOYMENT_TARGET = 9.2;
				LD_RUNPATH_SEARCH_PATHS = "$(inherited) @executable_path/Frameworks";
				PRODUCT_BUNDLE_IDENTIFIER = "LYM.Factor-";
				PRODUCT_NAME = "$(TARGET_NAME)";
			};
			name = Release;
		};
		7789D8CD1BDA76AA00A0619F /* Debug */ = {
			isa = XCBuildConfiguration;
			buildSettings = {
				BUNDLE_LOADER = "$(TEST_HOST)";
				INFOPLIST_FILE = "Factor+Tests/Info.plist";
				LD_RUNPATH_SEARCH_PATHS = "$(inherited) @executable_path/Frameworks @loader_path/Frameworks";
				PRODUCT_BUNDLE_IDENTIFIER = "LYM.Factor-Tests";
				PRODUCT_NAME = "$(TARGET_NAME)";
				TEST_HOST = "$(BUILT_PRODUCTS_DIR)/Factor+.app/Factor+";
			};
			name = Debug;
		};
		7789D8CE1BDA76AA00A0619F /* Release */ = {
			isa = XCBuildConfiguration;
			buildSettings = {
				BUNDLE_LOADER = "$(TEST_HOST)";
				INFOPLIST_FILE = "Factor+Tests/Info.plist";
				LD_RUNPATH_SEARCH_PATHS = "$(inherited) @executable_path/Frameworks @loader_path/Frameworks";
				PRODUCT_BUNDLE_IDENTIFIER = "LYM.Factor-Tests";
				PRODUCT_NAME = "$(TARGET_NAME)";
				TEST_HOST = "$(BUILT_PRODUCTS_DIR)/Factor+.app/Factor+";
			};
			name = Release;
		};
		7789D8D01BDA76AA00A0619F /* Debug */ = {
			isa = XCBuildConfiguration;
			buildSettings = {
				INFOPLIST_FILE = "Factor+UITests/Info.plist";
				LD_RUNPATH_SEARCH_PATHS = "$(inherited) @executable_path/Frameworks @loader_path/Frameworks";
				PRODUCT_BUNDLE_IDENTIFIER = "LYM.Factor-UITests";
				PRODUCT_NAME = "$(TARGET_NAME)";
				TEST_TARGET_NAME = "Factor+";
				USES_XCTRUNNER = YES;
			};
			name = Debug;
		};
		7789D8D11BDA76AA00A0619F /* Release */ = {
			isa = XCBuildConfiguration;
			buildSettings = {
				INFOPLIST_FILE = "Factor+UITests/Info.plist";
				LD_RUNPATH_SEARCH_PATHS = "$(inherited) @executable_path/Frameworks @loader_path/Frameworks";
				PRODUCT_BUNDLE_IDENTIFIER = "LYM.Factor-UITests";
				PRODUCT_NAME = "$(TARGET_NAME)";
				TEST_TARGET_NAME = "Factor+";
				USES_XCTRUNNER = YES;
			};
			name = Release;
		};
/* End XCBuildConfiguration section */

/* Begin XCConfigurationList section */
		7789D89C1BDA76AA00A0619F /* Build configuration list for PBXProject "Factor+" */ = {
			isa = XCConfigurationList;
			buildConfigurations = (
				7789D8C71BDA76AA00A0619F /* Debug */,
				7789D8C81BDA76AA00A0619F /* Release */,
			);
			defaultConfigurationIsVisible = 0;
			defaultConfigurationName = Release;
		};
		7789D8C91BDA76AA00A0619F /* Build configuration list for PBXNativeTarget "Factor+" */ = {
			isa = XCConfigurationList;
			buildConfigurations = (
				7789D8CA1BDA76AA00A0619F /* Debug */,
				7789D8CB1BDA76AA00A0619F /* Release */,
			);
			defaultConfigurationIsVisible = 0;
			defaultConfigurationName = Release;
		};
		7789D8CC1BDA76AA00A0619F /* Build configuration list for PBXNativeTarget "Factor+Tests" */ = {
			isa = XCConfigurationList;
			buildConfigurations = (
				7789D8CD1BDA76AA00A0619F /* Debug */,
				7789D8CE1BDA76AA00A0619F /* Release */,
			);
			defaultConfigurationIsVisible = 0;
			defaultConfigurationName = Release;
		};
		7789D8CF1BDA76AA00A0619F /* Build configuration list for PBXNativeTarget "Factor+UITests" */ = {
			isa = XCConfigurationList;
			buildConfigurations = (
				7789D8D01BDA76AA00A0619F /* Debug */,
				7789D8D11BDA76AA00A0619F /* Release */,
			);
			defaultConfigurationIsVisible = 0;
			defaultConfigurationName = Release;
		};
/* End XCConfigurationList section */
	};
	rootObject = 7789D8991BDA76AA00A0619F /* Project object */;
}
